// !$*UTF8*$!
{
	archiveVersion = 1;
	classes = {
	};
	objectVersion = 50;
	objects = {

/* Begin PBXBuildFile section */
		03B8610E26C1E47700DAC12A /* AppDelegate.swift in Sources */ = {isa = PBXBuildFile; fileRef = 03B8610D26C1E47700DAC12A /* AppDelegate.swift */; };
		03B8611026C1E47700DAC12A /* SceneDelegate.swift in Sources */ = {isa = PBXBuildFile; fileRef = 03B8610F26C1E47700DAC12A /* SceneDelegate.swift */; };
		03B8611226C1E47700DAC12A /* ViewController.swift in Sources */ = {isa = PBXBuildFile; fileRef = 03B8611126C1E47700DAC12A /* ViewController.swift */; };
		03B8611526C1E47700DAC12A /* Main.storyboard in Resources */ = {isa = PBXBuildFile; fileRef = 03B8611326C1E47700DAC12A /* Main.storyboard */; };
		03B8611726C1E47D00DAC12A /* Assets.xcassets in Resources */ = {isa = PBXBuildFile; fileRef = 03B8611626C1E47D00DAC12A /* Assets.xcassets */; };
		03B8611A26C1E47D00DAC12A /* LaunchScreen.storyboard in Resources */ = {isa = PBXBuildFile; fileRef = 03B8611826C1E47D00DAC12A /* LaunchScreen.storyboard */; };
		03B8612526C1E47E00DAC12A /* InsuranceAppTests.swift in Sources */ = {isa = PBXBuildFile; fileRef = 03B8612426C1E47E00DAC12A /* InsuranceAppTests.swift */; };
		03B8613026C1E47E00DAC12A /* InsuranceAppUITests.swift in Sources */ = {isa = PBXBuildFile; fileRef = 03B8612F26C1E47E00DAC12A /* InsuranceAppUITests.swift */; };
/* End PBXBuildFile section */

/* Begin PBXContainerItemProxy section */
		03B8612126C1E47E00DAC12A /* PBXContainerItemProxy */ = {
			isa = PBXContainerItemProxy;
			containerPortal = 03B8610226C1E47700DAC12A /* Project object */;
			proxyType = 1;
			remoteGlobalIDString = 03B8610926C1E47700DAC12A;
			remoteInfo = InsuranceApp;
		};
		03B8612C26C1E47E00DAC12A /* PBXContainerItemProxy */ = {
			isa = PBXContainerItemProxy;
			containerPortal = 03B8610226C1E47700DAC12A /* Project object */;
			proxyType = 1;
			remoteGlobalIDString = 03B8610926C1E47700DAC12A;
			remoteInfo = InsuranceApp;
		};
/* End PBXContainerItemProxy section */

/* Begin PBXFileReference section */
		03B8610A26C1E47700DAC12A /* InsuranceApp.app */ = {isa = PBXFileReference; explicitFileType = wrapper.application; includeInIndex = 0; path = InsuranceApp.app; sourceTree = BUILT_PRODUCTS_DIR; };
		03B8610D26C1E47700DAC12A /* AppDelegate.swift */ = {isa = PBXFileReference; lastKnownFileType = sourcecode.swift; path = AppDelegate.swift; sourceTree = "<group>"; };
		03B8610F26C1E47700DAC12A /* SceneDelegate.swift */ = {isa = PBXFileReference; lastKnownFileType = sourcecode.swift; path = SceneDelegate.swift; sourceTree = "<group>"; };
		03B8611126C1E47700DAC12A /* ViewController.swift */ = {isa = PBXFileReference; lastKnownFileType = sourcecode.swift; path = ViewController.swift; sourceTree = "<group>"; };
		03B8611426C1E47700DAC12A /* Base */ = {isa = PBXFileReference; lastKnownFileType = file.storyboard; name = Base; path = Base.lproj/Main.storyboard; sourceTree = "<group>"; };
		03B8611626C1E47D00DAC12A /* Assets.xcassets */ = {isa = PBXFileReference; lastKnownFileType = folder.assetcatalog; path = Assets.xcassets; sourceTree = "<group>"; };
		03B8611926C1E47D00DAC12A /* Base */ = {isa = PBXFileReference; lastKnownFileType = file.storyboard; name = Base; path = Base.lproj/LaunchScreen.storyboard; sourceTree = "<group>"; };
		03B8611B26C1E47D00DAC12A /* Info.plist */ = {isa = PBXFileReference; lastKnownFileType = text.plist.xml; path = Info.plist; sourceTree = "<group>"; };
		03B8612026C1E47E00DAC12A /* InsuranceAppTests.xctest */ = {isa = PBXFileReference; explicitFileType = wrapper.cfbundle; includeInIndex = 0; path = InsuranceAppTests.xctest; sourceTree = BUILT_PRODUCTS_DIR; };
		03B8612426C1E47E00DAC12A /* InsuranceAppTests.swift */ = {isa = PBXFileReference; lastKnownFileType = sourcecode.swift; path = InsuranceAppTests.swift; sourceTree = "<group>"; };
		03B8612626C1E47E00DAC12A /* Info.plist */ = {isa = PBXFileReference; lastKnownFileType = text.plist.xml; path = Info.plist; sourceTree = "<group>"; };
		03B8612B26C1E47E00DAC12A /* InsuranceAppUITests.xctest */ = {isa = PBXFileReference; explicitFileType = wrapper.cfbundle; includeInIndex = 0; path = InsuranceAppUITests.xctest; sourceTree = BUILT_PRODUCTS_DIR; };
		03B8612F26C1E47E00DAC12A /* InsuranceAppUITests.swift */ = {isa = PBXFileReference; lastKnownFileType = sourcecode.swift; path = InsuranceAppUITests.swift; sourceTree = "<group>"; };
		03B8613126C1E47E00DAC12A /* Info.plist */ = {isa = PBXFileReference; lastKnownFileType = text.plist.xml; path = Info.plist; sourceTree = "<group>"; };
/* End PBXFileReference section */

/* Begin PBXFrameworksBuildPhase section */
		03B8610726C1E47700DAC12A /* Frameworks */ = {
			isa = PBXFrameworksBuildPhase;
			buildActionMask = 2147483647;
			files = (
			);
			runOnlyForDeploymentPostprocessing = 0;
		};
		03B8611D26C1E47E00DAC12A /* Frameworks */ = {
			isa = PBXFrameworksBuildPhase;
			buildActionMask = 2147483647;
			files = (
			);
			runOnlyForDeploymentPostprocessing = 0;
		};
		03B8612826C1E47E00DAC12A /* Frameworks */ = {
			isa = PBXFrameworksBuildPhase;
			buildActionMask = 2147483647;
			files = (
			);
			runOnlyForDeploymentPostprocessing = 0;
		};
/* End PBXFrameworksBuildPhase section */

/* Begin PBXGroup section */
		03B8610126C1E47700DAC12A = {
			isa = PBXGroup;
			children = (
				03B8610C26C1E47700DAC12A /* InsuranceApp */,
				03B8612326C1E47E00DAC12A /* InsuranceAppTests */,
				03B8612E26C1E47E00DAC12A /* InsuranceAppUITests */,
				03B8610B26C1E47700DAC12A /* Products */,
			);
			sourceTree = "<group>";
		};
		03B8610B26C1E47700DAC12A /* Products */ = {
			isa = PBXGroup;
			children = (
				03B8610A26C1E47700DAC12A /* InsuranceApp.app */,
				03B8612026C1E47E00DAC12A /* InsuranceAppTests.xctest */,
				03B8612B26C1E47E00DAC12A /* InsuranceAppUITests.xctest */,
			);
			name = Products;
			sourceTree = "<group>";
		};
		03B8610C26C1E47700DAC12A /* InsuranceApp */ = {
			isa = PBXGroup;
			children = (
				03B8610D26C1E47700DAC12A /* AppDelegate.swift */,
				03B8610F26C1E47700DAC12A /* SceneDelegate.swift */,
				03B8611126C1E47700DAC12A /* ViewController.swift */,
				03B8611326C1E47700DAC12A /* Main.storyboard */,
				03B8611626C1E47D00DAC12A /* Assets.xcassets */,
				03B8611826C1E47D00DAC12A /* LaunchScreen.storyboard */,
				03B8611B26C1E47D00DAC12A /* Info.plist */,
			);
			path = InsuranceApp;
			sourceTree = "<group>";
		};
		03B8612326C1E47E00DAC12A /* InsuranceAppTests */ = {
			isa = PBXGroup;
			children = (
				03B8612426C1E47E00DAC12A /* InsuranceAppTests.swift */,
				03B8612626C1E47E00DAC12A /* Info.plist */,
			);
			path = InsuranceAppTests;
			sourceTree = "<group>";
		};
		03B8612E26C1E47E00DAC12A /* InsuranceAppUITests */ = {
			isa = PBXGroup;
			children = (
				03B8612F26C1E47E00DAC12A /* InsuranceAppUITests.swift */,
				03B8613126C1E47E00DAC12A /* Info.plist */,
			);
			path = InsuranceAppUITests;
			sourceTree = "<group>";
		};
/* End PBXGroup section */

/* Begin PBXNativeTarget section */
		03B8610926C1E47700DAC12A /* InsuranceApp */ = {
			isa = PBXNativeTarget;
			buildConfigurationList = 03B8613426C1E47E00DAC12A /* Build configuration list for PBXNativeTarget "InsuranceApp" */;
			buildPhases = (
				03B8610626C1E47700DAC12A /* Sources */,
				03B8610726C1E47700DAC12A /* Frameworks */,
				03B8610826C1E47700DAC12A /* Resources */,
			);
			buildRules = (
			);
			dependencies = (
			);
			name = InsuranceApp;
			productName = InsuranceApp;
			productReference = 03B8610A26C1E47700DAC12A /* InsuranceApp.app */;
			productType = "com.apple.product-type.application";
		};
		03B8611F26C1E47E00DAC12A /* InsuranceAppTests */ = {
			isa = PBXNativeTarget;
			buildConfigurationList = 03B8613726C1E47E00DAC12A /* Build configuration list for PBXNativeTarget "InsuranceAppTests" */;
			buildPhases = (
				03B8611C26C1E47E00DAC12A /* Sources */,
				03B8611D26C1E47E00DAC12A /* Frameworks */,
				03B8611E26C1E47E00DAC12A /* Resources */,
			);
			buildRules = (
			);
			dependencies = (
				03B8612226C1E47E00DAC12A /* PBXTargetDependency */,
			);
			name = InsuranceAppTests;
			productName = InsuranceAppTests;
			productReference = 03B8612026C1E47E00DAC12A /* InsuranceAppTests.xctest */;
			productType = "com.apple.product-type.bundle.unit-test";
		};
		03B8612A26C1E47E00DAC12A /* InsuranceAppUITests */ = {
			isa = PBXNativeTarget;
			buildConfigurationList = 03B8613A26C1E47E00DAC12A /* Build configuration list for PBXNativeTarget "InsuranceAppUITests" */;
			buildPhases = (
				03B8612726C1E47E00DAC12A /* Sources */,
				03B8612826C1E47E00DAC12A /* Frameworks */,
				03B8612926C1E47E00DAC12A /* Resources */,
			);
			buildRules = (
			);
			dependencies = (
				03B8612D26C1E47E00DAC12A /* PBXTargetDependency */,
			);
			name = InsuranceAppUITests;
			productName = InsuranceAppUITests;
			productReference = 03B8612B26C1E47E00DAC12A /* InsuranceAppUITests.xctest */;
			productType = "com.apple.product-type.bundle.ui-testing";
		};
/* End PBXNativeTarget section */

/* Begin PBXProject section */
		03B8610226C1E47700DAC12A /* Project object */ = {
			isa = PBXProject;
			attributes = {
				LastSwiftUpdateCheck = 1250;
				LastUpgradeCheck = 1250;
				TargetAttributes = {
					03B8610926C1E47700DAC12A = {
						CreatedOnToolsVersion = 12.5.1;
					};
					03B8611F26C1E47E00DAC12A = {
						CreatedOnToolsVersion = 12.5.1;
						TestTargetID = 03B8610926C1E47700DAC12A;
					};
					03B8612A26C1E47E00DAC12A = {
						CreatedOnToolsVersion = 12.5.1;
						TestTargetID = 03B8610926C1E47700DAC12A;
					};
				};
			};
			buildConfigurationList = 03B8610526C1E47700DAC12A /* Build configuration list for PBXProject "InsuranceApp" */;
			compatibilityVersion = "Xcode 9.3";
			developmentRegion = en;
			hasScannedForEncodings = 0;
			knownRegions = (
				en,
				Base,
			);
			mainGroup = 03B8610126C1E47700DAC12A;
			productRefGroup = 03B8610B26C1E47700DAC12A /* Products */;
			projectDirPath = "";
			projectRoot = "";
			targets = (
				03B8610926C1E47700DAC12A /* InsuranceApp */,
				03B8611F26C1E47E00DAC12A /* InsuranceAppTests */,
				03B8612A26C1E47E00DAC12A /* InsuranceAppUITests */,
			);
		};
/* End PBXProject section */

/* Begin PBXResourcesBuildPhase section */
		03B8610826C1E47700DAC12A /* Resources */ = {
			isa = PBXResourcesBuildPhase;
			buildActionMask = 2147483647;
			files = (
				03B8611A26C1E47D00DAC12A /* LaunchScreen.storyboard in Resources */,
				03B8611726C1E47D00DAC12A /* Assets.xcassets in Resources */,
				03B8611526C1E47700DAC12A /* Main.storyboard in Resources */,
			);
			runOnlyForDeploymentPostprocessing = 0;
		};
		03B8611E26C1E47E00DAC12A /* Resources */ = {
			isa = PBXResourcesBuildPhase;
			buildActionMask = 2147483647;
			files = (
			);
			runOnlyForDeploymentPostprocessing = 0;
		};
		03B8612926C1E47E00DAC12A /* Resources */ = {
			isa = PBXResourcesBuildPhase;
			buildActionMask = 2147483647;
			files = (
			);
			runOnlyForDeploymentPostprocessing = 0;
		};
/* End PBXResourcesBuildPhase section */

/* Begin PBXSourcesBuildPhase section */
		03B8610626C1E47700DAC12A /* Sources */ = {
			isa = PBXSourcesBuildPhase;
			buildActionMask = 2147483647;
			files = (
				03B8611226C1E47700DAC12A /* ViewController.swift in Sources */,
				03B8610E26C1E47700DAC12A /* AppDelegate.swift in Sources */,
				03B8611026C1E47700DAC12A /* SceneDelegate.swift in Sources */,
			);
			runOnlyForDeploymentPostprocessing = 0;
		};
		03B8611C26C1E47E00DAC12A /* Sources */ = {
			isa = PBXSourcesBuildPhase;
			buildActionMask = 2147483647;
			files = (
				03B8612526C1E47E00DAC12A /* InsuranceAppTests.swift in Sources */,
			);
			runOnlyForDeploymentPostprocessing = 0;
		};
		03B8612726C1E47E00DAC12A /* Sources */ = {
			isa = PBXSourcesBuildPhase;
			buildActionMask = 2147483647;
			files = (
				03B8613026C1E47E00DAC12A /* InsuranceAppUITests.swift in Sources */,
			);
			runOnlyForDeploymentPostprocessing = 0;
		};
/* End PBXSourcesBuildPhase section */

/* Begin PBXTargetDependency section */
		03B8612226C1E47E00DAC12A /* PBXTargetDependency */ = {
			isa = PBXTargetDependency;
			target = 03B8610926C1E47700DAC12A /* InsuranceApp */;
			targetProxy = 03B8612126C1E47E00DAC12A /* PBXContainerItemProxy */;
		};
		03B8612D26C1E47E00DAC12A /* PBXTargetDependency */ = {
			isa = PBXTargetDependency;
			target = 03B8610926C1E47700DAC12A /* InsuranceApp */;
			targetProxy = 03B8612C26C1E47E00DAC12A /* PBXContainerItemProxy */;
		};
/* End PBXTargetDependency section */

/* Begin PBXVariantGroup section */
		03B8611326C1E47700DAC12A /* Main.storyboard */ = {
			isa = PBXVariantGroup;
			children = (
				03B8611426C1E47700DAC12A /* Base */,
			);
			name = Main.storyboard;
			sourceTree = "<group>";
		};
		03B8611826C1E47D00DAC12A /* LaunchScreen.storyboard */ = {
			isa = PBXVariantGroup;
			children = (
				03B8611926C1E47D00DAC12A /* Base */,
			);
			name = LaunchScreen.storyboard;
			sourceTree = "<group>";
		};
/* End PBXVariantGroup section */

/* Begin XCBuildConfiguration section */
		03B8613226C1E47E00DAC12A /* Debug */ = {
			isa = XCBuildConfiguration;
			buildSettings = {
				ALWAYS_SEARCH_USER_PATHS = NO;
				CLANG_ANALYZER_NONNULL = YES;
				CLANG_ANALYZER_NUMBER_OBJECT_CONVERSION = YES_AGGRESSIVE;
				CLANG_CXX_LANGUAGE_STANDARD = "gnu++14";
				CLANG_CXX_LIBRARY = "libc++";
				CLANG_ENABLE_MODULES = YES;
				CLANG_ENABLE_OBJC_ARC = YES;
				CLANG_ENABLE_OBJC_WEAK = YES;
				CLANG_WARN_BLOCK_CAPTURE_AUTORELEASING = YES;
				CLANG_WARN_BOOL_CONVERSION = YES;
				CLANG_WARN_COMMA = YES;
				CLANG_WARN_CONSTANT_CONVERSION = YES;
				CLANG_WARN_DEPRECATED_OBJC_IMPLEMENTATIONS = YES;
				CLANG_WARN_DIRECT_OBJC_ISA_USAGE = YES_ERROR;
				CLANG_WARN_DOCUMENTATION_COMMENTS = YES;
				CLANG_WARN_EMPTY_BODY = YES;
				CLANG_WARN_ENUM_CONVERSION = YES;
				CLANG_WARN_INFINITE_RECURSION = YES;
				CLANG_WARN_INT_CONVERSION = YES;
				CLANG_WARN_NON_LITERAL_NULL_CONVERSION = YES;
				CLANG_WARN_OBJC_IMPLICIT_RETAIN_SELF = YES;
				CLANG_WARN_OBJC_LITERAL_CONVERSION = YES;
				CLANG_WARN_OBJC_ROOT_CLASS = YES_ERROR;
				CLANG_WARN_QUOTED_INCLUDE_IN_FRAMEWORK_HEADER = YES;
				CLANG_WARN_RANGE_LOOP_ANALYSIS = YES;
				CLANG_WARN_STRICT_PROTOTYPES = YES;
				CLANG_WARN_SUSPICIOUS_MOVE = YES;
				CLANG_WARN_UNGUARDED_AVAILABILITY = YES_AGGRESSIVE;
				CLANG_WARN_UNREACHABLE_CODE = YES;
				CLANG_WARN__DUPLICATE_METHOD_MATCH = YES;
				COPY_PHASE_STRIP = NO;
				DEBUG_INFORMATION_FORMAT = dwarf;
				ENABLE_STRICT_OBJC_MSGSEND = YES;
				ENABLE_TESTABILITY = YES;
				GCC_C_LANGUAGE_STANDARD = gnu11;
				GCC_DYNAMIC_NO_PIC = NO;
				GCC_NO_COMMON_BLOCKS = YES;
				GCC_OPTIMIZATION_LEVEL = 0;
				GCC_PREPROCESSOR_DEFINITIONS = (
					"DEBUG=1",
					"$(inherited)",
				);
				GCC_WARN_64_TO_32_BIT_CONVERSION = YES;
				GCC_WARN_ABOUT_RETURN_TYPE = YES_ERROR;
				GCC_WARN_UNDECLARED_SELECTOR = YES;
				GCC_WARN_UNINITIALIZED_AUTOS = YES_AGGRESSIVE;
				GCC_WARN_UNUSED_FUNCTION = YES;
				GCC_WARN_UNUSED_VARIABLE = YES;
				IPHONEOS_DEPLOYMENT_TARGET = 14.5;
				MTL_ENABLE_DEBUG_INFO = INCLUDE_SOURCE;
				MTL_FAST_MATH = YES;
				ONLY_ACTIVE_ARCH = YES;
				SDKROOT = iphoneos;
				SWIFT_ACTIVE_COMPILATION_CONDITIONS = DEBUG;
				SWIFT_OPTIMIZATION_LEVEL = "-Onone";
			};
			name = Debug;
		};
		03B8613326C1E47E00DAC12A /* Release */ = {
			isa = XCBuildConfiguration;
			buildSettings = {
				ALWAYS_SEARCH_USER_PATHS = NO;
				CLANG_ANALYZER_NONNULL = YES;
				CLANG_ANALYZER_NUMBER_OBJECT_CONVERSION = YES_AGGRESSIVE;
				CLANG_CXX_LANGUAGE_STANDARD = "gnu++14";
				CLANG_CXX_LIBRARY = "libc++";
				CLANG_ENABLE_MODULES = YES;
				CLANG_ENABLE_OBJC_ARC = YES;
				CLANG_ENABLE_OBJC_WEAK = YES;
				CLANG_WARN_BLOCK_CAPTURE_AUTORELEASING = YES;
				CLANG_WARN_BOOL_CONVERSION = YES;
				CLANG_WARN_COMMA = YES;
				CLANG_WARN_CONSTANT_CONVERSION = YES;
				CLANG_WARN_DEPRECATED_OBJC_IMPLEMENTATIONS = YES;
				CLANG_WARN_DIRECT_OBJC_ISA_USAGE = YES_ERROR;
				CLANG_WARN_DOCUMENTATION_COMMENTS = YES;
				CLANG_WARN_EMPTY_BODY = YES;
				CLANG_WARN_ENUM_CONVERSION = YES;
				CLANG_WARN_INFINITE_RECURSION = YES;
				CLANG_WARN_INT_CONVERSION = YES;
				CLANG_WARN_NON_LITERAL_NULL_CONVERSION = YES;
				CLANG_WARN_OBJC_IMPLICIT_RETAIN_SELF = YES;
				CLANG_WARN_OBJC_LITERAL_CONVERSION = YES;
				CLANG_WARN_OBJC_ROOT_CLASS = YES_ERROR;
				CLANG_WARN_QUOTED_INCLUDE_IN_FRAMEWORK_HEADER = YES;
				CLANG_WARN_RANGE_LOOP_ANALYSIS = YES;
				CLANG_WARN_STRICT_PROTOTYPES = YES;
				CLANG_WARN_SUSPICIOUS_MOVE = YES;
				CLANG_WARN_UNGUARDED_AVAILABILITY = YES_AGGRESSIVE;
				CLANG_WARN_UNREACHABLE_CODE = YES;
				CLANG_WARN__DUPLICATE_METHOD_MATCH = YES;
				COPY_PHASE_STRIP = NO;
				DEBUG_INFORMATION_FORMAT = "dwarf-with-dsym";
				ENABLE_NS_ASSERTIONS = NO;
				ENABLE_STRICT_OBJC_MSGSEND = YES;
				GCC_C_LANGUAGE_STANDARD = gnu11;
				GCC_NO_COMMON_BLOCKS = YES;
				GCC_WARN_64_TO_32_BIT_CONVERSION = YES;
				GCC_WARN_ABOUT_RETURN_TYPE = YES_ERROR;
				GCC_WARN_UNDECLARED_SELECTOR = YES;
				GCC_WARN_UNINITIALIZED_AUTOS = YES_AGGRESSIVE;
				GCC_WARN_UNUSED_FUNCTION = YES;
				GCC_WARN_UNUSED_VARIABLE = YES;
				IPHONEOS_DEPLOYMENT_TARGET = 14.5;
				MTL_ENABLE_DEBUG_INFO = NO;
				MTL_FAST_MATH = YES;
				SDKROOT = iphoneos;
				SWIFT_COMPILATION_MODE = wholemodule;
				SWIFT_OPTIMIZATION_LEVEL = "-O";
				VALIDATE_PRODUCT = YES;
			};
			name = Release;
		};
		03B8613526C1E47E00DAC12A /* Debug */ = {
			isa = XCBuildConfiguration;
			buildSettings = {
				ASSETCATALOG_COMPILER_APPICON_NAME = AppIcon;
				ASSETCATALOG_COMPILER_GLOBAL_ACCENT_COLOR_NAME = AccentColor;
				CODE_SIGN_STYLE = Automatic;
				INFOPLIST_FILE = InsuranceApp/Info.plist;
				LD_RUNPATH_SEARCH_PATHS = (
					"$(inherited)",
					"@executable_path/Frameworks",
				);
				PRODUCT_BUNDLE_IDENTIFIER = Virtusa.InsuranceApp;
				PRODUCT_NAME = "$(TARGET_NAME)";
				SWIFT_VERSION = 5.0;
				TARGETED_DEVICE_FAMILY = "1,2";
			};
			name = Debug;
		};
		03B8613626C1E47E00DAC12A /* Release */ = {
			isa = XCBuildConfiguration;
			buildSettings = {
				ASSETCATALOG_COMPILER_APPICON_NAME = AppIcon;
				ASSETCATALOG_COMPILER_GLOBAL_ACCENT_COLOR_NAME = AccentColor;
				CODE_SIGN_STYLE = Automatic;
				INFOPLIST_FILE = InsuranceApp/Info.plist;
				LD_RUNPATH_SEARCH_PATHS = (
					"$(inherited)",
					"@executable_path/Frameworks",
				);
				PRODUCT_BUNDLE_IDENTIFIER = Virtusa.InsuranceApp;
				PRODUCT_NAME = "$(TARGET_NAME)";
				SWIFT_VERSION = 5.0;
				TARGETED_DEVICE_FAMILY = "1,2";
			};
			name = Release;
		};
		03B8613826C1E47E00DAC12A /* Debug */ = {
			isa = XCBuildConfiguration;
			buildSettings = {
				ALWAYS_EMBED_SWIFT_STANDARD_LIBRARIES = YES;
				BUNDLE_LOADER = "$(TEST_HOST)";
				CODE_SIGN_STYLE = Automatic;
				INFOPLIST_FILE = InsuranceAppTests/Info.plist;
				IPHONEOS_DEPLOYMENT_TARGET = 14.5;
				LD_RUNPATH_SEARCH_PATHS = (
					"$(inherited)",
					"@executable_path/Frameworks",
					"@loader_path/Frameworks",
				);
				PRODUCT_BUNDLE_IDENTIFIER = Virtusa.InsuranceAppTests;
				PRODUCT_NAME = "$(TARGET_NAME)";
				SWIFT_VERSION = 5.0;
				TARGETED_DEVICE_FAMILY = "1,2";
				TEST_HOST = "$(BUILT_PRODUCTS_DIR)/InsuranceApp.app/InsuranceApp";
			};
			name = Debug;
		};
		03B8613926C1E47E00DAC12A /* Release */ = {
			isa = XCBuildConfiguration;
			buildSettings = {
				ALWAYS_EMBED_SWIFT_STANDARD_LIBRARIES = YES;
				BUNDLE_LOADER = "$(TEST_HOST)";
				CODE_SIGN_STYLE = Automatic;
				INFOPLIST_FILE = InsuranceAppTests/Info.plist;
				IPHONEOS_DEPLOYMENT_TARGET = 14.5;
				LD_RUNPATH_SEARCH_PATHS = (
					"$(inherited)",
					"@executable_path/Frameworks",
					"@loader_path/Frameworks",
				);
				PRODUCT_BUNDLE_IDENTIFIER = Virtusa.InsuranceAppTests;
				PRODUCT_NAME = "$(TARGET_NAME)";
				SWIFT_VERSION = 5.0;
				TARGETED_DEVICE_FAMILY = "1,2";
				TEST_HOST = "$(BUILT_PRODUCTS_DIR)/InsuranceApp.app/InsuranceApp";
			};
			name = Release;
		};
		03B8613B26C1E47E00DAC12A /* Debug */ = {
			isa = XCBuildConfiguration;
			buildSettings = {
				ALWAYS_EMBED_SWIFT_STANDARD_LIBRARIES = YES;
				CODE_SIGN_STYLE = Automatic;
				INFOPLIST_FILE = InsuranceAppUITests/Info.plist;
				LD_RUNPATH_SEARCH_PATHS = (
					"$(inherited)",
					"@executable_path/Frameworks",
					"@loader_path/Frameworks",
				);
				PRODUCT_BUNDLE_IDENTIFIER = Virtusa.InsuranceAppUITests;
				PRODUCT_NAME = "$(TARGET_NAME)";
				SWIFT_VERSION = 5.0;
				TARGETED_DEVICE_FAMILY = "1,2";
				TEST_TARGET_NAME = InsuranceApp;
			};
			name = Debug;
		};
		03B8613C26C1E47E00DAC12A /* Release */ = {
			isa = XCBuildConfiguration;
			buildSettings = {
				ALWAYS_EMBED_SWIFT_STANDARD_LIBRARIES = YES;
				CODE_SIGN_STYLE = Automatic;
				INFOPLIST_FILE = InsuranceAppUITests/Info.plist;
				LD_RUNPATH_SEARCH_PATHS = (
					"$(inherited)",
					"@executable_path/Frameworks",
					"@loader_path/Frameworks",
				);
				PRODUCT_BUNDLE_IDENTIFIER = Virtusa.InsuranceAppUITests;
				PRODUCT_NAME = "$(TARGET_NAME)";
				SWIFT_VERSION = 5.0;
				TARGETED_DEVICE_FAMILY = "1,2";
				TEST_TARGET_NAME = InsuranceApp;
			};
			name = Release;
		};
/* End XCBuildConfiguration section */

/* Begin XCConfigurationList section */
		03B8610526C1E47700DAC12A /* Build configuration list for PBXProject "InsuranceApp" */ = {
			isa = XCConfigurationList;
			buildConfigurations = (
				03B8613226C1E47E00DAC12A /* Debug */,
				03B8613326C1E47E00DAC12A /* Release */,
			);
			defaultConfigurationIsVisible = 0;
			defaultConfigurationName = Release;
		};
		03B8613426C1E47E00DAC12A /* Build configuration list for PBXNativeTarget "InsuranceApp" */ = {
			isa = XCConfigurationList;
			buildConfigurations = (
				03B8613526C1E47E00DAC12A /* Debug */,
				03B8613626C1E47E00DAC12A /* Release */,
			);
			defaultConfigurationIsVisible = 0;
			defaultConfigurationName = Release;
		};
		03B8613726C1E47E00DAC12A /* Build configuration list for PBXNativeTarget "InsuranceAppTests" */ = {
			isa = XCConfigurationList;
			buildConfigurations = (
				03B8613826C1E47E00DAC12A /* Debug */,
				03B8613926C1E47E00DAC12A /* Release */,
			);
			defaultConfigurationIsVisible = 0;
			defaultConfigurationName = Release;
		};
		03B8613A26C1E47E00DAC12A /* Build configuration list for PBXNativeTarget "InsuranceAppUITests" */ = {
			isa = XCConfigurationList;
			buildConfigurations = (
				03B8613B26C1E47E00DAC12A /* Debug */,
				03B8613C26C1E47E00DAC12A /* Release */,
			);
			defaultConfigurationIsVisible = 0;
			defaultConfigurationName = Release;
		};
/* End XCConfigurationList section */
	};
	rootObject = 03B8610226C1E47700DAC12A /* Project object */;
}
