// !$*UTF8*$!
{
	archiveVersion = 1;
	classes = {
	};
	objectVersion = 51;
	objects = {

/* Begin PBXBuildFile section */
		03B8610E26C1E47700DAC12A /* AppDelegate.swift in Sources */ = {isa = PBXBuildFile; fileRef = 03B8610D26C1E47700DAC12A /* AppDelegate.swift */; };
		03B8611026C1E47700DAC12A /* SceneDelegate.swift in Sources */ = {isa = PBXBuildFile; fileRef = 03B8610F26C1E47700DAC12A /* SceneDelegate.swift */; };
		03B8611526C1E47700DAC12A /* Main.storyboard in Resources */ = {isa = PBXBuildFile; fileRef = 03B8611326C1E47700DAC12A /* Main.storyboard */; };
		03B8611726C1E47D00DAC12A /* Assets.xcassets in Resources */ = {isa = PBXBuildFile; fileRef = 03B8611626C1E47D00DAC12A /* Assets.xcassets */; };
		03B8611A26C1E47D00DAC12A /* LaunchScreen.storyboard in Resources */ = {isa = PBXBuildFile; fileRef = 03B8611826C1E47D00DAC12A /* LaunchScreen.storyboard */; };
		03B8612526C1E47E00DAC12A /* InsuranceAppTests.swift in Sources */ = {isa = PBXBuildFile; fileRef = 03B8612426C1E47E00DAC12A /* InsuranceAppTests.swift */; };
		03B8613026C1E47E00DAC12A /* InsuranceAppUITests.swift in Sources */ = {isa = PBXBuildFile; fileRef = 03B8612F26C1E47E00DAC12A /* InsuranceAppUITests.swift */; };
		3B12377926D7448B005B8D7C /* AutoCell.swift in Sources */ = {isa = PBXBuildFile; fileRef = 3B12377826D7448B005B8D7C /* AutoCell.swift */; };
		3B12377B26D75080005B8D7C /* HomeOrRentalCell.swift in Sources */ = {isa = PBXBuildFile; fileRef = 3B12377A26D75080005B8D7C /* HomeOrRentalCell.swift */; };
		3B12377D26D7590E005B8D7C /* vehicleImg.jpeg in Resources */ = {isa = PBXBuildFile; fileRef = 3B12377C26D7590E005B8D7C /* vehicleImg.jpeg */; };
		3B12377F26D7F5B3005B8D7C /* dots.png in Resources */ = {isa = PBXBuildFile; fileRef = 3B12377E26D7F5B3005B8D7C /* dots.png */; };
		3B12378126D7FFE4005B8D7C /* LinkedInCell.swift in Sources */ = {isa = PBXBuildFile; fileRef = 3B12378026D7FFE4005B8D7C /* LinkedInCell.swift */; };
		3B12378426D801BD005B8D7C /* black-circle.png in Resources */ = {isa = PBXBuildFile; fileRef = 3B12378326D801BD005B8D7C /* black-circle.png */; };
		3B12378626D8A27B005B8D7C /* swiftLogo.png in Resources */ = {isa = PBXBuildFile; fileRef = 3B12378526D8A27B005B8D7C /* swiftLogo.png */; };
		3B7648F126CC956F00C0F52D /* LoginCell.swift in Sources */ = {isa = PBXBuildFile; fileRef = 3B7648E626CC956E00C0F52D /* LoginCell.swift */; };
		3B7648F226CC956F00C0F52D /* LoginVC.swift in Sources */ = {isa = PBXBuildFile; fileRef = 3B7648E726CC956E00C0F52D /* LoginVC.swift */; };
		3B7648F326CC956F00C0F52D /* ProfileCardCell.swift in Sources */ = {isa = PBXBuildFile; fileRef = 3B7648E826CC956E00C0F52D /* ProfileCardCell.swift */; };
		3B7648F426CC956F00C0F52D /* ProfileVC.swift in Sources */ = {isa = PBXBuildFile; fileRef = 3B7648E926CC956E00C0F52D /* ProfileVC.swift */; };
		3B7648F726CC956F00C0F52D /* ReuseableItemsExt.swift in Sources */ = {isa = PBXBuildFile; fileRef = 3B7648EC26CC956E00C0F52D /* ReuseableItemsExt.swift */; };
		3B7648FF26CC975400C0F52D /* pncLogo.jpeg in Resources */ = {isa = PBXBuildFile; fileRef = 3B7648FE26CC975400C0F52D /* pncLogo.jpeg */; };
		3B7749B226CDCD8A00FB85A4 /* ProfileEditCell.swift in Sources */ = {isa = PBXBuildFile; fileRef = 3B7648E526CC956D00C0F52D /* ProfileEditCell.swift */; };
		3B7749B426CDCEF400FB85A4 /* ProfileEditCell.swift in Sources */ = {isa = PBXBuildFile; fileRef = 3B7749B326CDCEF400FB85A4 /* ProfileEditCell.swift */; };
		3B7749BA26CDD04600FB85A4 /* ProfileEditModel.swift 19-28-21-136.swift 19-31-16-709.swift in Sources */ = {isa = PBXBuildFile; fileRef = 3B7749B926CDD04600FB85A4 /* ProfileEditModel.swift 19-28-21-136.swift 19-31-16-709.swift */; };
		3B7749BC26CEBBA700FB85A4 /* TVSectionsModel.swift in Sources */ = {isa = PBXBuildFile; fileRef = 3B7749BB26CEBBA700FB85A4 /* TVSectionsModel.swift */; };
		3B7749BE26CED44F00FB85A4 /* StatesCell.swift in Sources */ = {isa = PBXBuildFile; fileRef = 3B7749BD26CED44F00FB85A4 /* StatesCell.swift */; };
		3B7749C126D0A97A00FB85A4 /* LoginNetworkManager.swift in Sources */ = {isa = PBXBuildFile; fileRef = 3B7749C026D0A97A00FB85A4 /* LoginNetworkManager.swift */; };
		3B7749C326D0B12D00FB85A4 /* LoginModel.swift in Sources */ = {isa = PBXBuildFile; fileRef = 3B7749C226D0B12D00FB85A4 /* LoginModel.swift */; };
		3B7749C726D1745A00FB85A4 /* PersonModel.swift in Sources */ = {isa = PBXBuildFile; fileRef = 3B7749C626D1745A00FB85A4 /* PersonModel.swift */; };
		3B7749C926D17D1500FB85A4 /* PersonModelNetworkManager.swift in Sources */ = {isa = PBXBuildFile; fileRef = 3B7749C826D17D1500FB85A4 /* PersonModelNetworkManager.swift */; };
		3B7749CB26D29D9700FB85A4 /* StateNetworkManager.swift in Sources */ = {isa = PBXBuildFile; fileRef = 3B7749CA26D29D9700FB85A4 /* StateNetworkManager.swift */; };
		3B7749D026D3DFC500FB85A4 /* TabBarController.swift in Sources */ = {isa = PBXBuildFile; fileRef = 3B7749CF26D3DFC500FB85A4 /* TabBarController.swift */; };
		3B7749D226D3E9D200FB85A4 /* DashboardVC.swift in Sources */ = {isa = PBXBuildFile; fileRef = 3B7749D126D3E9D200FB85A4 /* DashboardVC.swift */; };
		3B7749D726D3FE0100FB85A4 /* billImage.png in Resources */ = {isa = PBXBuildFile; fileRef = 3B7749D626D3FE0100FB85A4 /* billImage.png */; };
		3B7749D926D4136600FB85A4 /* ReportOrRequestCell.swift in Sources */ = {isa = PBXBuildFile; fileRef = 3B7749D826D4136600FB85A4 /* ReportOrRequestCell.swift */; };
		3B80CF7B26D498EA000590D8 /* UpcomingBillCell.swift in Sources */ = {isa = PBXBuildFile; fileRef = 3B80CF7A26D498EA000590D8 /* UpcomingBillCell.swift */; };
		3B80CF7D26D4B318000590D8 /* MyCardCell.swift in Sources */ = {isa = PBXBuildFile; fileRef = 3B80CF7C26D4B318000590D8 /* MyCardCell.swift */; };
		3B80CF7F26D4B9D8000590D8 /* MyCardCollectionsViewCill.swift in Sources */ = {isa = PBXBuildFile; fileRef = 3B80CF7E26D4B9D8000590D8 /* MyCardCollectionsViewCill.swift */; };
		3B80CF8126D52B94000590D8 /* MyCard.swift in Sources */ = {isa = PBXBuildFile; fileRef = 3B80CF8026D52B94000590D8 /* MyCard.swift */; };
		3B80CF8326D57D02000590D8 /* ContactAgentCell.swift in Sources */ = {isa = PBXBuildFile; fileRef = 3B80CF8226D57D02000590D8 /* ContactAgentCell.swift */; };
		3B80CF8526D5860C000590D8 /* agentImg.jpg in Resources */ = {isa = PBXBuildFile; fileRef = 3B80CF8426D5860C000590D8 /* agentImg.jpg */; };
		3BF7F51F26D71F8000A18383 /* LinkedInVC.swift in Sources */ = {isa = PBXBuildFile; fileRef = 3BF7F51E26D71F8000A18383 /* LinkedInVC.swift */; };
		3BF7F52126D71FA200A18383 /* FiveVC.swift in Sources */ = {isa = PBXBuildFile; fileRef = 3BF7F52026D71FA200A18383 /* FiveVC.swift */; };
		3BF7F52326D7209C00A18383 /* PolicyVC.swift in Sources */ = {isa = PBXBuildFile; fileRef = 3BF7F52226D7209C00A18383 /* PolicyVC.swift */; };
		C1031F56F57E726964E781E9 /* Pods_InsuranceApp.framework in Frameworks */ = {isa = PBXBuildFile; fileRef = F00EAE49EC869B90C836F03B /* Pods_InsuranceApp.framework */; };
/* End PBXBuildFile section */

/* Begin PBXContainerItemProxy section */
		03B8612126C1E47E00DAC12A /* PBXContainerItemProxy */ = {
			isa = PBXContainerItemProxy;
			containerPortal = 03B8610226C1E47700DAC12A /* Project object */;
			proxyType = 1;
			remoteGlobalIDString = 03B8610926C1E47700DAC12A;
			remoteInfo = InsuranceApp;
		};
		03B8612C26C1E47E00DAC12A /* PBXContainerItemProxy */ = {
			isa = PBXContainerItemProxy;
			containerPortal = 03B8610226C1E47700DAC12A /* Project object */;
			proxyType = 1;
			remoteGlobalIDString = 03B8610926C1E47700DAC12A;
			remoteInfo = InsuranceApp;
		};
/* End PBXContainerItemProxy section */

/* Begin PBXFileReference section */
		03B8610A26C1E47700DAC12A /* InsuranceApp.app */ = {isa = PBXFileReference; explicitFileType = wrapper.application; includeInIndex = 0; path = InsuranceApp.app; sourceTree = BUILT_PRODUCTS_DIR; };
		03B8610D26C1E47700DAC12A /* AppDelegate.swift */ = {isa = PBXFileReference; lastKnownFileType = sourcecode.swift; path = AppDelegate.swift; sourceTree = "<group>"; };
		03B8610F26C1E47700DAC12A /* SceneDelegate.swift */ = {isa = PBXFileReference; lastKnownFileType = sourcecode.swift; path = SceneDelegate.swift; sourceTree = "<group>"; };
		03B8611426C1E47700DAC12A /* Base */ = {isa = PBXFileReference; lastKnownFileType = file.storyboard; name = Base; path = Base.lproj/Main.storyboard; sourceTree = "<group>"; };
		03B8611626C1E47D00DAC12A /* Assets.xcassets */ = {isa = PBXFileReference; lastKnownFileType = folder.assetcatalog; path = Assets.xcassets; sourceTree = "<group>"; };
		03B8611926C1E47D00DAC12A /* Base */ = {isa = PBXFileReference; lastKnownFileType = file.storyboard; name = Base; path = Base.lproj/LaunchScreen.storyboard; sourceTree = "<group>"; };
		03B8611B26C1E47D00DAC12A /* Info.plist */ = {isa = PBXFileReference; lastKnownFileType = text.plist.xml; path = Info.plist; sourceTree = "<group>"; };
		03B8612026C1E47E00DAC12A /* InsuranceAppTests.xctest */ = {isa = PBXFileReference; explicitFileType = wrapper.cfbundle; includeInIndex = 0; path = InsuranceAppTests.xctest; sourceTree = BUILT_PRODUCTS_DIR; };
		03B8612426C1E47E00DAC12A /* InsuranceAppTests.swift */ = {isa = PBXFileReference; lastKnownFileType = sourcecode.swift; path = InsuranceAppTests.swift; sourceTree = "<group>"; };
		03B8612626C1E47E00DAC12A /* Info.plist */ = {isa = PBXFileReference; lastKnownFileType = text.plist.xml; path = Info.plist; sourceTree = "<group>"; };
		03B8612B26C1E47E00DAC12A /* InsuranceAppUITests.xctest */ = {isa = PBXFileReference; explicitFileType = wrapper.cfbundle; includeInIndex = 0; path = InsuranceAppUITests.xctest; sourceTree = BUILT_PRODUCTS_DIR; };
		03B8612F26C1E47E00DAC12A /* InsuranceAppUITests.swift */ = {isa = PBXFileReference; lastKnownFileType = sourcecode.swift; path = InsuranceAppUITests.swift; sourceTree = "<group>"; };
		03B8613126C1E47E00DAC12A /* Info.plist */ = {isa = PBXFileReference; lastKnownFileType = text.plist.xml; path = Info.plist; sourceTree = "<group>"; };
		118F46C9B9725988C1B07AA4 /* Pods-InsuranceApp.release.xcconfig */ = {isa = PBXFileReference; includeInIndex = 1; lastKnownFileType = text.xcconfig; name = "Pods-InsuranceApp.release.xcconfig"; path = "Target Support Files/Pods-InsuranceApp/Pods-InsuranceApp.release.xcconfig"; sourceTree = "<group>"; };
		3B12377826D7448B005B8D7C /* AutoCell.swift */ = {isa = PBXFileReference; lastKnownFileType = sourcecode.swift; path = AutoCell.swift; sourceTree = "<group>"; };
		3B12377A26D75080005B8D7C /* HomeOrRentalCell.swift */ = {isa = PBXFileReference; lastKnownFileType = sourcecode.swift; path = HomeOrRentalCell.swift; sourceTree = "<group>"; };
		3B12377C26D7590E005B8D7C /* vehicleImg.jpeg */ = {isa = PBXFileReference; lastKnownFileType = image.jpeg; path = vehicleImg.jpeg; sourceTree = "<group>"; };
		3B12377E26D7F5B3005B8D7C /* dots.png */ = {isa = PBXFileReference; lastKnownFileType = image.png; path = dots.png; sourceTree = "<group>"; };
		3B12378026D7FFE4005B8D7C /* LinkedInCell.swift */ = {isa = PBXFileReference; lastKnownFileType = sourcecode.swift; path = LinkedInCell.swift; sourceTree = "<group>"; };
		3B12378326D801BD005B8D7C /* black-circle.png */ = {isa = PBXFileReference; lastKnownFileType = image.png; path = "black-circle.png"; sourceTree = "<group>"; };
		3B12378526D8A27B005B8D7C /* swiftLogo.png */ = {isa = PBXFileReference; lastKnownFileType = image.png; path = swiftLogo.png; sourceTree = "<group>"; };
		3B7648E526CC956D00C0F52D /* ProfileEditCell.swift */ = {isa = PBXFileReference; fileEncoding = 4; lastKnownFileType = sourcecode.swift; path = ProfileEditCell.swift; sourceTree = "<group>"; };
		3B7648E626CC956E00C0F52D /* LoginCell.swift */ = {isa = PBXFileReference; fileEncoding = 4; lastKnownFileType = sourcecode.swift; path = LoginCell.swift; sourceTree = "<group>"; };
		3B7648E726CC956E00C0F52D /* LoginVC.swift */ = {isa = PBXFileReference; fileEncoding = 4; lastKnownFileType = sourcecode.swift; path = LoginVC.swift; sourceTree = "<group>"; };
		3B7648E826CC956E00C0F52D /* ProfileCardCell.swift */ = {isa = PBXFileReference; fileEncoding = 4; lastKnownFileType = sourcecode.swift; path = ProfileCardCell.swift; sourceTree = "<group>"; };
		3B7648E926CC956E00C0F52D /* ProfileVC.swift */ = {isa = PBXFileReference; fileEncoding = 4; lastKnownFileType = sourcecode.swift; path = ProfileVC.swift; sourceTree = "<group>"; };
		3B7648EC26CC956E00C0F52D /* ReuseableItemsExt.swift */ = {isa = PBXFileReference; fileEncoding = 4; lastKnownFileType = sourcecode.swift; path = ReuseableItemsExt.swift; sourceTree = "<group>"; };
		3B7648FE26CC975400C0F52D /* pncLogo.jpeg */ = {isa = PBXFileReference; lastKnownFileType = image.jpeg; path = pncLogo.jpeg; sourceTree = "<group>"; };
		3B7749B326CDCEF400FB85A4 /* ProfileEditCell.swift */ = {isa = PBXFileReference; fileEncoding = 4; lastKnownFileType = sourcecode.swift; path = ProfileEditCell.swift; sourceTree = "<group>"; };
		3B7749B926CDD04600FB85A4 /* ProfileEditModel.swift 19-28-21-136.swift 19-31-16-709.swift */ = {isa = PBXFileReference; fileEncoding = 4; lastKnownFileType = sourcecode.swift; path = "ProfileEditModel.swift 19-28-21-136.swift 19-31-16-709.swift"; sourceTree = "<group>"; };
		3B7749BB26CEBBA700FB85A4 /* TVSectionsModel.swift */ = {isa = PBXFileReference; lastKnownFileType = sourcecode.swift; path = TVSectionsModel.swift; sourceTree = "<group>"; };
		3B7749BD26CED44F00FB85A4 /* StatesCell.swift */ = {isa = PBXFileReference; lastKnownFileType = sourcecode.swift; path = StatesCell.swift; sourceTree = "<group>"; };
		3B7749C026D0A97A00FB85A4 /* LoginNetworkManager.swift */ = {isa = PBXFileReference; lastKnownFileType = sourcecode.swift; path = LoginNetworkManager.swift; sourceTree = "<group>"; };
		3B7749C226D0B12D00FB85A4 /* LoginModel.swift */ = {isa = PBXFileReference; lastKnownFileType = sourcecode.swift; path = LoginModel.swift; sourceTree = "<group>"; };
		3B7749C626D1745A00FB85A4 /* PersonModel.swift */ = {isa = PBXFileReference; lastKnownFileType = sourcecode.swift; path = PersonModel.swift; sourceTree = "<group>"; };
		3B7749C826D17D1500FB85A4 /* PersonModelNetworkManager.swift */ = {isa = PBXFileReference; lastKnownFileType = sourcecode.swift; path = PersonModelNetworkManager.swift; sourceTree = "<group>"; };
		3B7749CA26D29D9700FB85A4 /* StateNetworkManager.swift */ = {isa = PBXFileReference; lastKnownFileType = sourcecode.swift; path = StateNetworkManager.swift; sourceTree = "<group>"; };
		3B7749CE26D34D6100FB85A4 /* UserDetailsJSONFormat.geojson */ = {isa = PBXFileReference; lastKnownFileType = text; path = UserDetailsJSONFormat.geojson; sourceTree = "<group>"; };
		3B7749CF26D3DFC500FB85A4 /* TabBarController.swift */ = {isa = PBXFileReference; lastKnownFileType = sourcecode.swift; name = TabBarController.swift; path = InsuranceApp/Model/TabBarController.swift; sourceTree = SOURCE_ROOT; };
		3B7749D126D3E9D200FB85A4 /* DashboardVC.swift */ = {isa = PBXFileReference; lastKnownFileType = sourcecode.swift; path = DashboardVC.swift; sourceTree = "<group>"; };
		3B7749D626D3FE0100FB85A4 /* billImage.png */ = {isa = PBXFileReference; lastKnownFileType = image.png; path = billImage.png; sourceTree = "<group>"; };
		3B7749D826D4136600FB85A4 /* ReportOrRequestCell.swift */ = {isa = PBXFileReference; lastKnownFileType = sourcecode.swift; path = ReportOrRequestCell.swift; sourceTree = "<group>"; };
		3B80CF7A26D498EA000590D8 /* UpcomingBillCell.swift */ = {isa = PBXFileReference; lastKnownFileType = sourcecode.swift; path = UpcomingBillCell.swift; sourceTree = "<group>"; };
		3B80CF7C26D4B318000590D8 /* MyCardCell.swift */ = {isa = PBXFileReference; lastKnownFileType = sourcecode.swift; path = MyCardCell.swift; sourceTree = "<group>"; };
		3B80CF7E26D4B9D8000590D8 /* MyCardCollectionsViewCill.swift */ = {isa = PBXFileReference; lastKnownFileType = sourcecode.swift; path = MyCardCollectionsViewCill.swift; sourceTree = "<group>"; };
		3B80CF8026D52B94000590D8 /* MyCard.swift */ = {isa = PBXFileReference; lastKnownFileType = sourcecode.swift; path = MyCard.swift; sourceTree = "<group>"; };
		3B80CF8226D57D02000590D8 /* ContactAgentCell.swift */ = {isa = PBXFileReference; lastKnownFileType = sourcecode.swift; path = ContactAgentCell.swift; sourceTree = "<group>"; };
		3B80CF8426D5860C000590D8 /* agentImg.jpg */ = {isa = PBXFileReference; lastKnownFileType = image.jpeg; path = agentImg.jpg; sourceTree = "<group>"; };
		3BF7F51E26D71F8000A18383 /* LinkedInVC.swift */ = {isa = PBXFileReference; lastKnownFileType = sourcecode.swift; path = LinkedInVC.swift; sourceTree = "<group>"; };
		3BF7F52026D71FA200A18383 /* FiveVC.swift */ = {isa = PBXFileReference; lastKnownFileType = sourcecode.swift; path = FiveVC.swift; sourceTree = "<group>"; };
		3BF7F52226D7209C00A18383 /* PolicyVC.swift */ = {isa = PBXFileReference; lastKnownFileType = sourcecode.swift; path = PolicyVC.swift; sourceTree = "<group>"; };
		7BBBE4A5CB2DE6C76ECECDEE /* Pods-InsuranceApp.debug.xcconfig */ = {isa = PBXFileReference; includeInIndex = 1; lastKnownFileType = text.xcconfig; name = "Pods-InsuranceApp.debug.xcconfig"; path = "Target Support Files/Pods-InsuranceApp/Pods-InsuranceApp.debug.xcconfig"; sourceTree = "<group>"; };
		F00EAE49EC869B90C836F03B /* Pods_InsuranceApp.framework */ = {isa = PBXFileReference; explicitFileType = wrapper.framework; includeInIndex = 0; path = Pods_InsuranceApp.framework; sourceTree = BUILT_PRODUCTS_DIR; };
/* End PBXFileReference section */

/* Begin PBXFrameworksBuildPhase section */
		03B8610726C1E47700DAC12A /* Frameworks */ = {
			isa = PBXFrameworksBuildPhase;
			buildActionMask = 2147483647;
			files = (
				C1031F56F57E726964E781E9 /* Pods_InsuranceApp.framework in Frameworks */,
			);
			runOnlyForDeploymentPostprocessing = 0;
		};
		03B8611D26C1E47E00DAC12A /* Frameworks */ = {
			isa = PBXFrameworksBuildPhase;
			buildActionMask = 2147483647;
			files = (
			);
			runOnlyForDeploymentPostprocessing = 0;
		};
		03B8612826C1E47E00DAC12A /* Frameworks */ = {
			isa = PBXFrameworksBuildPhase;
			buildActionMask = 2147483647;
			files = (
			);
			runOnlyForDeploymentPostprocessing = 0;
		};
/* End PBXFrameworksBuildPhase section */

/* Begin PBXGroup section */
		03B8610126C1E47700DAC12A = {
			isa = PBXGroup;
			children = (
				03B8610C26C1E47700DAC12A /* InsuranceApp */,
				03B8612326C1E47E00DAC12A /* InsuranceAppTests */,
				03B8612E26C1E47E00DAC12A /* InsuranceAppUITests */,
				03B8610B26C1E47700DAC12A /* Products */,
				1770BCC0A8CD361A1DFEBBD9 /* Pods */,
				339BF71EBF8AE6F88B048ECF /* Frameworks */,
			);
			sourceTree = "<group>";
		};
		03B8610B26C1E47700DAC12A /* Products */ = {
			isa = PBXGroup;
			children = (
				03B8610A26C1E47700DAC12A /* InsuranceApp.app */,
				03B8612026C1E47E00DAC12A /* InsuranceAppTests.xctest */,
				03B8612B26C1E47E00DAC12A /* InsuranceAppUITests.xctest */,
			);
			name = Products;
			sourceTree = "<group>";
		};
		03B8610C26C1E47700DAC12A /* InsuranceApp */ = {
			isa = PBXGroup;
			children = (
				03B8610D26C1E47700DAC12A /* AppDelegate.swift */,
				03B8610F26C1E47700DAC12A /* SceneDelegate.swift */,
				3B7749CE26D34D6100FB85A4 /* UserDetailsJSONFormat.geojson */,
				3B7749BF26D0A8F800FB85A4 /* Network */,
				3B7648FB26CC964900C0F52D /* Model */,
				3B7648F926CC95F500C0F52D /* Controller */,
				3B7648FA26CC962000C0F52D /* CustomCell */,
				3B7648FD26CC968200C0F52D /* Extension */,
				3B7749D526D3FDB700FB85A4 /* ImagesFiles */,
				3BF7F51D26D71F0D00A18383 /* LaterUseVC */,
				03B8611326C1E47700DAC12A /* Main.storyboard */,
				03B8611626C1E47D00DAC12A /* Assets.xcassets */,
				03B8611826C1E47D00DAC12A /* LaunchScreen.storyboard */,
				03B8611B26C1E47D00DAC12A /* Info.plist */,
			);
			path = InsuranceApp;
			sourceTree = "<group>";
		};
		03B8612326C1E47E00DAC12A /* InsuranceAppTests */ = {
			isa = PBXGroup;
			children = (
				3B7648E526CC956D00C0F52D /* ProfileEditCell.swift */,
				03B8612426C1E47E00DAC12A /* InsuranceAppTests.swift */,
				03B8612626C1E47E00DAC12A /* Info.plist */,
			);
			path = InsuranceAppTests;
			sourceTree = "<group>";
		};
		03B8612E26C1E47E00DAC12A /* InsuranceAppUITests */ = {
			isa = PBXGroup;
			children = (
				03B8612F26C1E47E00DAC12A /* InsuranceAppUITests.swift */,
				03B8613126C1E47E00DAC12A /* Info.plist */,
			);
			path = InsuranceAppUITests;
			sourceTree = "<group>";
		};
		1770BCC0A8CD361A1DFEBBD9 /* Pods */ = {
			isa = PBXGroup;
			children = (
				7BBBE4A5CB2DE6C76ECECDEE /* Pods-InsuranceApp.debug.xcconfig */,
				118F46C9B9725988C1B07AA4 /* Pods-InsuranceApp.release.xcconfig */,
			);
			path = Pods;
			sourceTree = "<group>";
		};
		339BF71EBF8AE6F88B048ECF /* Frameworks */ = {
			isa = PBXGroup;
			children = (
				F00EAE49EC869B90C836F03B /* Pods_InsuranceApp.framework */,
			);
			name = Frameworks;
			sourceTree = "<group>";
		};
		3B12377726D74421005B8D7C /* PolicyCell */ = {
			isa = PBXGroup;
			children = (
				3B12377826D7448B005B8D7C /* AutoCell.swift */,
				3B12377A26D75080005B8D7C /* HomeOrRentalCell.swift */,
			);
			path = PolicyCell;
			sourceTree = "<group>";
		};
		3B12378226D7FFED005B8D7C /* LinkedInCell */ = {
			isa = PBXGroup;
			children = (
				3B12378026D7FFE4005B8D7C /* LinkedInCell.swift */,
			);
			path = LinkedInCell;
			sourceTree = "<group>";
		};
		3B7648F926CC95F500C0F52D /* Controller */ = {
			isa = PBXGroup;
			children = (
				3B7749CF26D3DFC500FB85A4 /* TabBarController.swift */,
				3B7749D126D3E9D200FB85A4 /* DashboardVC.swift */,
				3B7648E926CC956E00C0F52D /* ProfileVC.swift */,
				3B7648E726CC956E00C0F52D /* LoginVC.swift */,
				3BF7F51E26D71F8000A18383 /* LinkedInVC.swift */,
				3BF7F52226D7209C00A18383 /* PolicyVC.swift */,
			);
			path = Controller;
			sourceTree = "<group>";
		};
		3B7648FA26CC962000C0F52D /* CustomCell */ = {
			isa = PBXGroup;
			children = (
				3B80CF7926D490BE000590D8 /* LoginCell */,
				3B80CF7826D49087000590D8 /* ProfileCell */,
				3B80CF7726D49065000590D8 /* DashboardCell */,
				3B12377726D74421005B8D7C /* PolicyCell */,
				3B12378226D7FFED005B8D7C /* LinkedInCell */,
			);
			path = CustomCell;
			sourceTree = "<group>";
		};
		3B7648FB26CC964900C0F52D /* Model */ = {
			isa = PBXGroup;
			children = (
				3B7749B926CDD04600FB85A4 /* ProfileEditModel.swift 19-28-21-136.swift 19-31-16-709.swift */,
				3B7749BB26CEBBA700FB85A4 /* TVSectionsModel.swift */,
				3B7749C226D0B12D00FB85A4 /* LoginModel.swift */,
				3B7749C626D1745A00FB85A4 /* PersonModel.swift */,
				3B80CF8026D52B94000590D8 /* MyCard.swift */,
			);
			path = Model;
			sourceTree = "<group>";
		};
		3B7648FD26CC968200C0F52D /* Extension */ = {
			isa = PBXGroup;
			children = (
				3B7648EC26CC956E00C0F52D /* ReuseableItemsExt.swift */,
			);
			path = Extension;
			sourceTree = "<group>";
		};
		3B7749BF26D0A8F800FB85A4 /* Network */ = {
			isa = PBXGroup;
			children = (
				3B7749C026D0A97A00FB85A4 /* LoginNetworkManager.swift */,
				3B7749C826D17D1500FB85A4 /* PersonModelNetworkManager.swift */,
				3B7749CA26D29D9700FB85A4 /* StateNetworkManager.swift */,
			);
			path = Network;
			sourceTree = "<group>";
		};
		3B7749D526D3FDB700FB85A4 /* ImagesFiles */ = {
			isa = PBXGroup;
			children = (
				3B12377E26D7F5B3005B8D7C /* dots.png */,
				3B12378526D8A27B005B8D7C /* swiftLogo.png */,
				3B12378326D801BD005B8D7C /* black-circle.png */,
				3B12377C26D7590E005B8D7C /* vehicleImg.jpeg */,
				3B80CF8426D5860C000590D8 /* agentImg.jpg */,
				3B7749D626D3FE0100FB85A4 /* billImage.png */,
				3B7648FE26CC975400C0F52D /* pncLogo.jpeg */,
			);
			path = ImagesFiles;
			sourceTree = "<group>";
		};
		3B80CF7726D49065000590D8 /* DashboardCell */ = {
			isa = PBXGroup;
			children = (
				3B7749D826D4136600FB85A4 /* ReportOrRequestCell.swift */,
				3B80CF7A26D498EA000590D8 /* UpcomingBillCell.swift */,
				3B80CF7C26D4B318000590D8 /* MyCardCell.swift */,
				3B80CF7E26D4B9D8000590D8 /* MyCardCollectionsViewCill.swift */,
				3B80CF8226D57D02000590D8 /* ContactAgentCell.swift */,
			);
			path = DashboardCell;
			sourceTree = "<group>";
		};
		3B80CF7826D49087000590D8 /* ProfileCell */ = {
			isa = PBXGroup;
			children = (
				3B7749BD26CED44F00FB85A4 /* StatesCell.swift */,
				3B7648E826CC956E00C0F52D /* ProfileCardCell.swift */,
				3B7749B326CDCEF400FB85A4 /* ProfileEditCell.swift */,
			);
			path = ProfileCell;
			sourceTree = "<group>";
		};
		3B80CF7926D490BE000590D8 /* LoginCell */ = {
			isa = PBXGroup;
			children = (
				3B7648E626CC956E00C0F52D /* LoginCell.swift */,
			);
			path = LoginCell;
			sourceTree = "<group>";
		};
		3BF7F51D26D71F0D00A18383 /* LaterUseVC */ = {
			isa = PBXGroup;
			children = (
				3BF7F52026D71FA200A18383 /* FiveVC.swift */,
			);
			path = LaterUseVC;
			sourceTree = "<group>";
		};
/* End PBXGroup section */

/* Begin PBXNativeTarget section */
		03B8610926C1E47700DAC12A /* InsuranceApp */ = {
			isa = PBXNativeTarget;
			buildConfigurationList = 03B8613426C1E47E00DAC12A /* Build configuration list for PBXNativeTarget "InsuranceApp" */;
			buildPhases = (
				7FE058005DDB1E674309EE95 /* [CP] Check Pods Manifest.lock */,
				03B8610626C1E47700DAC12A /* Sources */,
				03B8610726C1E47700DAC12A /* Frameworks */,
				03B8610826C1E47700DAC12A /* Resources */,
				0BEDF1F0C96F840D82E4E421 /* [CP] Embed Pods Frameworks */,
			);
			buildRules = (
			);
			dependencies = (
			);
			name = InsuranceApp;
			productName = InsuranceApp;
			productReference = 03B8610A26C1E47700DAC12A /* InsuranceApp.app */;
			productType = "com.apple.product-type.application";
		};
		03B8611F26C1E47E00DAC12A /* InsuranceAppTests */ = {
			isa = PBXNativeTarget;
			buildConfigurationList = 03B8613726C1E47E00DAC12A /* Build configuration list for PBXNativeTarget "InsuranceAppTests" */;
			buildPhases = (
				03B8611C26C1E47E00DAC12A /* Sources */,
				03B8611D26C1E47E00DAC12A /* Frameworks */,
				03B8611E26C1E47E00DAC12A /* Resources */,
			);
			buildRules = (
			);
			dependencies = (
				03B8612226C1E47E00DAC12A /* PBXTargetDependency */,
			);
			name = InsuranceAppTests;
			productName = InsuranceAppTests;
			productReference = 03B8612026C1E47E00DAC12A /* InsuranceAppTests.xctest */;
			productType = "com.apple.product-type.bundle.unit-test";
		};
		03B8612A26C1E47E00DAC12A /* InsuranceAppUITests */ = {
			isa = PBXNativeTarget;
			buildConfigurationList = 03B8613A26C1E47E00DAC12A /* Build configuration list for PBXNativeTarget "InsuranceAppUITests" */;
			buildPhases = (
				03B8612726C1E47E00DAC12A /* Sources */,
				03B8612826C1E47E00DAC12A /* Frameworks */,
				03B8612926C1E47E00DAC12A /* Resources */,
			);
			buildRules = (
			);
			dependencies = (
				03B8612D26C1E47E00DAC12A /* PBXTargetDependency */,
			);
			name = InsuranceAppUITests;
			productName = InsuranceAppUITests;
			productReference = 03B8612B26C1E47E00DAC12A /* InsuranceAppUITests.xctest */;
			productType = "com.apple.product-type.bundle.ui-testing";
		};
/* End PBXNativeTarget section */

/* Begin PBXProject section */
		03B8610226C1E47700DAC12A /* Project object */ = {
			isa = PBXProject;
			attributes = {
				LastSwiftUpdateCheck = 1250;
				LastUpgradeCheck = 1250;
				TargetAttributes = {
					03B8610926C1E47700DAC12A = {
						CreatedOnToolsVersion = 12.5.1;
					};
					03B8611F26C1E47E00DAC12A = {
						CreatedOnToolsVersion = 12.5.1;
						TestTargetID = 03B8610926C1E47700DAC12A;
					};
					03B8612A26C1E47E00DAC12A = {
						CreatedOnToolsVersion = 12.5.1;
						TestTargetID = 03B8610926C1E47700DAC12A;
					};
				};
			};
			buildConfigurationList = 03B8610526C1E47700DAC12A /* Build configuration list for PBXProject "InsuranceApp" */;
			compatibilityVersion = "Xcode 9.3";
			developmentRegion = en;
			hasScannedForEncodings = 0;
			knownRegions = (
				en,
				Base,
			);
			mainGroup = 03B8610126C1E47700DAC12A;
			productRefGroup = 03B8610B26C1E47700DAC12A /* Products */;
			projectDirPath = "";
			projectRoot = "";
			targets = (
				03B8610926C1E47700DAC12A /* InsuranceApp */,
				03B8611F26C1E47E00DAC12A /* InsuranceAppTests */,
				03B8612A26C1E47E00DAC12A /* InsuranceAppUITests */,
			);
		};
/* End PBXProject section */

/* Begin PBXResourcesBuildPhase section */
		03B8610826C1E47700DAC12A /* Resources */ = {
			isa = PBXResourcesBuildPhase;
			buildActionMask = 2147483647;
			files = (
				3B12378626D8A27B005B8D7C /* swiftLogo.png in Resources */,
				3B12377D26D7590E005B8D7C /* vehicleImg.jpeg in Resources */,
				3B12378426D801BD005B8D7C /* black-circle.png in Resources */,
				3B12377F26D7F5B3005B8D7C /* dots.png in Resources */,
				03B8611A26C1E47D00DAC12A /* LaunchScreen.storyboard in Resources */,
				3B7749D726D3FE0100FB85A4 /* billImage.png in Resources */,
				03B8611726C1E47D00DAC12A /* Assets.xcassets in Resources */,
				3B80CF8526D5860C000590D8 /* agentImg.jpg in Resources */,
				3B7648FF26CC975400C0F52D /* pncLogo.jpeg in Resources */,
				03B8611526C1E47700DAC12A /* Main.storyboard in Resources */,
			);
			runOnlyForDeploymentPostprocessing = 0;
		};
		03B8611E26C1E47E00DAC12A /* Resources */ = {
			isa = PBXResourcesBuildPhase;
			buildActionMask = 2147483647;
			files = (
			);
			runOnlyForDeploymentPostprocessing = 0;
		};
		03B8612926C1E47E00DAC12A /* Resources */ = {
			isa = PBXResourcesBuildPhase;
			buildActionMask = 2147483647;
			files = (
			);
			runOnlyForDeploymentPostprocessing = 0;
		};
/* End PBXResourcesBuildPhase section */

/* Begin PBXShellScriptBuildPhase section */
		0BEDF1F0C96F840D82E4E421 /* [CP] Embed Pods Frameworks */ = {
			isa = PBXShellScriptBuildPhase;
			buildActionMask = 2147483647;
			files = (
			);
			inputFileListPaths = (
				"${PODS_ROOT}/Target Support Files/Pods-InsuranceApp/Pods-InsuranceApp-frameworks-${CONFIGURATION}-input-files.xcfilelist",
			);
			name = "[CP] Embed Pods Frameworks";
			outputFileListPaths = (
				"${PODS_ROOT}/Target Support Files/Pods-InsuranceApp/Pods-InsuranceApp-frameworks-${CONFIGURATION}-output-files.xcfilelist",
			);
			runOnlyForDeploymentPostprocessing = 0;
			shellPath = /bin/sh;
			shellScript = "\"${PODS_ROOT}/Target Support Files/Pods-InsuranceApp/Pods-InsuranceApp-frameworks.sh\"\n";
			showEnvVarsInLog = 0;
		};
		7FE058005DDB1E674309EE95 /* [CP] Check Pods Manifest.lock */ = {
			isa = PBXShellScriptBuildPhase;
			buildActionMask = 2147483647;
			files = (
			);
			inputFileListPaths = (
			);
			inputPaths = (
				"${PODS_PODFILE_DIR_PATH}/Podfile.lock",
				"${PODS_ROOT}/Manifest.lock",
			);
			name = "[CP] Check Pods Manifest.lock";
			outputFileListPaths = (
			);
			outputPaths = (
				"$(DERIVED_FILE_DIR)/Pods-InsuranceApp-checkManifestLockResult.txt",
			);
			runOnlyForDeploymentPostprocessing = 0;
			shellPath = /bin/sh;
			shellScript = "diff \"${PODS_PODFILE_DIR_PATH}/Podfile.lock\" \"${PODS_ROOT}/Manifest.lock\" > /dev/null\nif [ $? != 0 ] ; then\n    # print error to STDERR\n    echo \"error: The sandbox is not in sync with the Podfile.lock. Run 'pod install' or update your CocoaPods installation.\" >&2\n    exit 1\nfi\n# This output is used by Xcode 'outputs' to avoid re-running this script phase.\necho \"SUCCESS\" > \"${SCRIPT_OUTPUT_FILE_0}\"\n";
			showEnvVarsInLog = 0;
		};
/* End PBXShellScriptBuildPhase section */

/* Begin PBXSourcesBuildPhase section */
		03B8610626C1E47700DAC12A /* Sources */ = {
			isa = PBXSourcesBuildPhase;
			buildActionMask = 2147483647;
			files = (
				3B7648F426CC956F00C0F52D /* ProfileVC.swift in Sources */,
				3B7749BC26CEBBA700FB85A4 /* TVSectionsModel.swift in Sources */,
				3BF7F52126D71FA200A18383 /* FiveVC.swift in Sources */,
				3B7749CB26D29D9700FB85A4 /* StateNetworkManager.swift in Sources */,
				3B7749BA26CDD04600FB85A4 /* ProfileEditModel.swift 19-28-21-136.swift 19-31-16-709.swift in Sources */,
				3B80CF8326D57D02000590D8 /* ContactAgentCell.swift in Sources */,
				3B7749BE26CED44F00FB85A4 /* StatesCell.swift in Sources */,
				3B7648F726CC956F00C0F52D /* ReuseableItemsExt.swift in Sources */,
				3B7749D926D4136600FB85A4 /* ReportOrRequestCell.swift in Sources */,
				3B7749B426CDCEF400FB85A4 /* ProfileEditCell.swift in Sources */,
				3B7749C126D0A97A00FB85A4 /* LoginNetworkManager.swift in Sources */,
				3B80CF7B26D498EA000590D8 /* UpcomingBillCell.swift in Sources */,
				3B7648F326CC956F00C0F52D /* ProfileCardCell.swift in Sources */,
				3B7749C926D17D1500FB85A4 /* PersonModelNetworkManager.swift in Sources */,
				3B80CF7F26D4B9D8000590D8 /* MyCardCollectionsViewCill.swift in Sources */,
				3B7648F126CC956F00C0F52D /* LoginCell.swift in Sources */,
				3B7648F226CC956F00C0F52D /* LoginVC.swift in Sources */,
				3B80CF8126D52B94000590D8 /* MyCard.swift in Sources */,
				3B7749D026D3DFC500FB85A4 /* TabBarController.swift in Sources */,
				3B7749C326D0B12D00FB85A4 /* LoginModel.swift in Sources */,
				3BF7F52326D7209C00A18383 /* PolicyVC.swift in Sources */,
				3B7749D226D3E9D200FB85A4 /* DashboardVC.swift in Sources */,
				3B7749C726D1745A00FB85A4 /* PersonModel.swift in Sources */,
				3B80CF7D26D4B318000590D8 /* MyCardCell.swift in Sources */,
				3BF7F51F26D71F8000A18383 /* LinkedInVC.swift in Sources */,
				03B8610E26C1E47700DAC12A /* AppDelegate.swift in Sources */,
				3B12377926D7448B005B8D7C /* AutoCell.swift in Sources */,
				3B12377B26D75080005B8D7C /* HomeOrRentalCell.swift in Sources */,
				03B8611026C1E47700DAC12A /* SceneDelegate.swift in Sources */,
				3B12378126D7FFE4005B8D7C /* LinkedInCell.swift in Sources */,
			);
			runOnlyForDeploymentPostprocessing = 0;
		};
		03B8611C26C1E47E00DAC12A /* Sources */ = {
			isa = PBXSourcesBuildPhase;
			buildActionMask = 2147483647;
			files = (
				03B8612526C1E47E00DAC12A /* InsuranceAppTests.swift in Sources */,
				3B7749B226CDCD8A00FB85A4 /* ProfileEditCell.swift in Sources */,
			);
			runOnlyForDeploymentPostprocessing = 0;
		};
		03B8612726C1E47E00DAC12A /* Sources */ = {
			isa = PBXSourcesBuildPhase;
			buildActionMask = 2147483647;
			files = (
				03B8613026C1E47E00DAC12A /* InsuranceAppUITests.swift in Sources */,
			);
			runOnlyForDeploymentPostprocessing = 0;
		};
/* End PBXSourcesBuildPhase section */

/* Begin PBXTargetDependency section */
		03B8612226C1E47E00DAC12A /* PBXTargetDependency */ = {
			isa = PBXTargetDependency;
			target = 03B8610926C1E47700DAC12A /* InsuranceApp */;
			targetProxy = 03B8612126C1E47E00DAC12A /* PBXContainerItemProxy */;
		};
		03B8612D26C1E47E00DAC12A /* PBXTargetDependency */ = {
			isa = PBXTargetDependency;
			target = 03B8610926C1E47700DAC12A /* InsuranceApp */;
			targetProxy = 03B8612C26C1E47E00DAC12A /* PBXContainerItemProxy */;
		};
/* End PBXTargetDependency section */

/* Begin PBXVariantGroup section */
		03B8611326C1E47700DAC12A /* Main.storyboard */ = {
			isa = PBXVariantGroup;
			children = (
				03B8611426C1E47700DAC12A /* Base */,
			);
			name = Main.storyboard;
			sourceTree = "<group>";
		};
		03B8611826C1E47D00DAC12A /* LaunchScreen.storyboard */ = {
			isa = PBXVariantGroup;
			children = (
				03B8611926C1E47D00DAC12A /* Base */,
			);
			name = LaunchScreen.storyboard;
			sourceTree = "<group>";
		};
/* End PBXVariantGroup section */

/* Begin XCBuildConfiguration section */
		03B8613226C1E47E00DAC12A /* Debug */ = {
			isa = XCBuildConfiguration;
			buildSettings = {
				ALWAYS_SEARCH_USER_PATHS = NO;
				CLANG_ANALYZER_NONNULL = YES;
				CLANG_ANALYZER_NUMBER_OBJECT_CONVERSION = YES_AGGRESSIVE;
				CLANG_CXX_LANGUAGE_STANDARD = "gnu++14";
				CLANG_CXX_LIBRARY = "libc++";
				CLANG_ENABLE_MODULES = YES;
				CLANG_ENABLE_OBJC_ARC = YES;
				CLANG_ENABLE_OBJC_WEAK = YES;
				CLANG_WARN_BLOCK_CAPTURE_AUTORELEASING = YES;
				CLANG_WARN_BOOL_CONVERSION = YES;
				CLANG_WARN_COMMA = YES;
				CLANG_WARN_CONSTANT_CONVERSION = YES;
				CLANG_WARN_DEPRECATED_OBJC_IMPLEMENTATIONS = YES;
				CLANG_WARN_DIRECT_OBJC_ISA_USAGE = YES_ERROR;
				CLANG_WARN_DOCUMENTATION_COMMENTS = YES;
				CLANG_WARN_EMPTY_BODY = YES;
				CLANG_WARN_ENUM_CONVERSION = YES;
				CLANG_WARN_INFINITE_RECURSION = YES;
				CLANG_WARN_INT_CONVERSION = YES;
				CLANG_WARN_NON_LITERAL_NULL_CONVERSION = YES;
				CLANG_WARN_OBJC_IMPLICIT_RETAIN_SELF = YES;
				CLANG_WARN_OBJC_LITERAL_CONVERSION = YES;
				CLANG_WARN_OBJC_ROOT_CLASS = YES_ERROR;
				CLANG_WARN_QUOTED_INCLUDE_IN_FRAMEWORK_HEADER = YES;
				CLANG_WARN_RANGE_LOOP_ANALYSIS = YES;
				CLANG_WARN_STRICT_PROTOTYPES = YES;
				CLANG_WARN_SUSPICIOUS_MOVE = YES;
				CLANG_WARN_UNGUARDED_AVAILABILITY = YES_AGGRESSIVE;
				CLANG_WARN_UNREACHABLE_CODE = YES;
				CLANG_WARN__DUPLICATE_METHOD_MATCH = YES;
				COPY_PHASE_STRIP = NO;
				DEBUG_INFORMATION_FORMAT = dwarf;
				ENABLE_STRICT_OBJC_MSGSEND = YES;
				ENABLE_TESTABILITY = YES;
				GCC_C_LANGUAGE_STANDARD = gnu11;
				GCC_DYNAMIC_NO_PIC = NO;
				GCC_NO_COMMON_BLOCKS = YES;
				GCC_OPTIMIZATION_LEVEL = 0;
				GCC_PREPROCESSOR_DEFINITIONS = (
					"DEBUG=1",
					"$(inherited)",
				);
				GCC_WARN_64_TO_32_BIT_CONVERSION = YES;
				GCC_WARN_ABOUT_RETURN_TYPE = YES_ERROR;
				GCC_WARN_UNDECLARED_SELECTOR = YES;
				GCC_WARN_UNINITIALIZED_AUTOS = YES_AGGRESSIVE;
				GCC_WARN_UNUSED_FUNCTION = YES;
				GCC_WARN_UNUSED_VARIABLE = YES;
				IPHONEOS_DEPLOYMENT_TARGET = 14.5;
				MTL_ENABLE_DEBUG_INFO = INCLUDE_SOURCE;
				MTL_FAST_MATH = YES;
				ONLY_ACTIVE_ARCH = YES;
				SDKROOT = iphoneos;
				SWIFT_ACTIVE_COMPILATION_CONDITIONS = DEBUG;
				SWIFT_OPTIMIZATION_LEVEL = "-Onone";
			};
			name = Debug;
		};
		03B8613326C1E47E00DAC12A /* Release */ = {
			isa = XCBuildConfiguration;
			buildSettings = {
				ALWAYS_SEARCH_USER_PATHS = NO;
				CLANG_ANALYZER_NONNULL = YES;
				CLANG_ANALYZER_NUMBER_OBJECT_CONVERSION = YES_AGGRESSIVE;
				CLANG_CXX_LANGUAGE_STANDARD = "gnu++14";
				CLANG_CXX_LIBRARY = "libc++";
				CLANG_ENABLE_MODULES = YES;
				CLANG_ENABLE_OBJC_ARC = YES;
				CLANG_ENABLE_OBJC_WEAK = YES;
				CLANG_WARN_BLOCK_CAPTURE_AUTORELEASING = YES;
				CLANG_WARN_BOOL_CONVERSION = YES;
				CLANG_WARN_COMMA = YES;
				CLANG_WARN_CONSTANT_CONVERSION = YES;
				CLANG_WARN_DEPRECATED_OBJC_IMPLEMENTATIONS = YES;
				CLANG_WARN_DIRECT_OBJC_ISA_USAGE = YES_ERROR;
				CLANG_WARN_DOCUMENTATION_COMMENTS = YES;
				CLANG_WARN_EMPTY_BODY = YES;
				CLANG_WARN_ENUM_CONVERSION = YES;
				CLANG_WARN_INFINITE_RECURSION = YES;
				CLANG_WARN_INT_CONVERSION = YES;
				CLANG_WARN_NON_LITERAL_NULL_CONVERSION = YES;
				CLANG_WARN_OBJC_IMPLICIT_RETAIN_SELF = YES;
				CLANG_WARN_OBJC_LITERAL_CONVERSION = YES;
				CLANG_WARN_OBJC_ROOT_CLASS = YES_ERROR;
				CLANG_WARN_QUOTED_INCLUDE_IN_FRAMEWORK_HEADER = YES;
				CLANG_WARN_RANGE_LOOP_ANALYSIS = YES;
				CLANG_WARN_STRICT_PROTOTYPES = YES;
				CLANG_WARN_SUSPICIOUS_MOVE = YES;
				CLANG_WARN_UNGUARDED_AVAILABILITY = YES_AGGRESSIVE;
				CLANG_WARN_UNREACHABLE_CODE = YES;
				CLANG_WARN__DUPLICATE_METHOD_MATCH = YES;
				COPY_PHASE_STRIP = NO;
				DEBUG_INFORMATION_FORMAT = "dwarf-with-dsym";
				ENABLE_NS_ASSERTIONS = NO;
				ENABLE_STRICT_OBJC_MSGSEND = YES;
				GCC_C_LANGUAGE_STANDARD = gnu11;
				GCC_NO_COMMON_BLOCKS = YES;
				GCC_WARN_64_TO_32_BIT_CONVERSION = YES;
				GCC_WARN_ABOUT_RETURN_TYPE = YES_ERROR;
				GCC_WARN_UNDECLARED_SELECTOR = YES;
				GCC_WARN_UNINITIALIZED_AUTOS = YES_AGGRESSIVE;
				GCC_WARN_UNUSED_FUNCTION = YES;
				GCC_WARN_UNUSED_VARIABLE = YES;
				IPHONEOS_DEPLOYMENT_TARGET = 14.5;
				MTL_ENABLE_DEBUG_INFO = NO;
				MTL_FAST_MATH = YES;
				SDKROOT = iphoneos;
				SWIFT_COMPILATION_MODE = wholemodule;
				SWIFT_OPTIMIZATION_LEVEL = "-O";
				VALIDATE_PRODUCT = YES;
			};
			name = Release;
		};
		03B8613526C1E47E00DAC12A /* Debug */ = {
			isa = XCBuildConfiguration;
			baseConfigurationReference = 7BBBE4A5CB2DE6C76ECECDEE /* Pods-InsuranceApp.debug.xcconfig */;
			buildSettings = {
				ASSETCATALOG_COMPILER_APPICON_NAME = AppIcon;
				ASSETCATALOG_COMPILER_GLOBAL_ACCENT_COLOR_NAME = AccentColor;
				CODE_SIGN_STYLE = Automatic;
				DEVELOPMENT_TEAM = "";
				INFOPLIST_FILE = InsuranceApp/Info.plist;
				IPHONEOS_DEPLOYMENT_TARGET = 14.1;
				LD_RUNPATH_SEARCH_PATHS = (
					"$(inherited)",
					"@executable_path/Frameworks",
				);
				PRODUCT_BUNDLE_IDENTIFIER = Virtusa.InsuranceApp;
				PRODUCT_NAME = "$(TARGET_NAME)";
				SWIFT_VERSION = 5.0;
				TARGETED_DEVICE_FAMILY = "1,2";
			};
			name = Debug;
		};
		03B8613626C1E47E00DAC12A /* Release */ = {
			isa = XCBuildConfiguration;
			baseConfigurationReference = 118F46C9B9725988C1B07AA4 /* Pods-InsuranceApp.release.xcconfig */;
			buildSettings = {
				ASSETCATALOG_COMPILER_APPICON_NAME = AppIcon;
				ASSETCATALOG_COMPILER_GLOBAL_ACCENT_COLOR_NAME = AccentColor;
				CODE_SIGN_STYLE = Automatic;
				DEVELOPMENT_TEAM = "";
				INFOPLIST_FILE = InsuranceApp/Info.plist;
				IPHONEOS_DEPLOYMENT_TARGET = 14.1;
				LD_RUNPATH_SEARCH_PATHS = (
					"$(inherited)",
					"@executable_path/Frameworks",
				);
				PRODUCT_BUNDLE_IDENTIFIER = Virtusa.InsuranceApp;
				PRODUCT_NAME = "$(TARGET_NAME)";
				SWIFT_VERSION = 5.0;
				TARGETED_DEVICE_FAMILY = "1,2";
			};
			name = Release;
		};
		03B8613826C1E47E00DAC12A /* Debug */ = {
			isa = XCBuildConfiguration;
			buildSettings = {
				ALWAYS_EMBED_SWIFT_STANDARD_LIBRARIES = YES;
				BUNDLE_LOADER = "$(TEST_HOST)";
				CODE_SIGN_STYLE = Automatic;
				INFOPLIST_FILE = InsuranceAppTests/Info.plist;
				IPHONEOS_DEPLOYMENT_TARGET = 14.5;
				LD_RUNPATH_SEARCH_PATHS = (
					"$(inherited)",
					"@executable_path/Frameworks",
					"@loader_path/Frameworks",
				);
				PRODUCT_BUNDLE_IDENTIFIER = Virtusa.InsuranceAppTests;
				PRODUCT_NAME = "$(TARGET_NAME)";
				SWIFT_VERSION = 5.0;
				TARGETED_DEVICE_FAMILY = "1,2";
				TEST_HOST = "$(BUILT_PRODUCTS_DIR)/InsuranceApp.app/InsuranceApp";
			};
			name = Debug;
		};
		03B8613926C1E47E00DAC12A /* Release */ = {
			isa = XCBuildConfiguration;
			buildSettings = {
				ALWAYS_EMBED_SWIFT_STANDARD_LIBRARIES = YES;
				BUNDLE_LOADER = "$(TEST_HOST)";
				CODE_SIGN_STYLE = Automatic;
				INFOPLIST_FILE = InsuranceAppTests/Info.plist;
				IPHONEOS_DEPLOYMENT_TARGET = 14.5;
				LD_RUNPATH_SEARCH_PATHS = (
					"$(inherited)",
					"@executable_path/Frameworks",
					"@loader_path/Frameworks",
				);
				PRODUCT_BUNDLE_IDENTIFIER = Virtusa.InsuranceAppTests;
				PRODUCT_NAME = "$(TARGET_NAME)";
				SWIFT_VERSION = 5.0;
				TARGETED_DEVICE_FAMILY = "1,2";
				TEST_HOST = "$(BUILT_PRODUCTS_DIR)/InsuranceApp.app/InsuranceApp";
			};
			name = Release;
		};
		03B8613B26C1E47E00DAC12A /* Debug */ = {
			isa = XCBuildConfiguration;
			buildSettings = {
				ALWAYS_EMBED_SWIFT_STANDARD_LIBRARIES = YES;
				CODE_SIGN_STYLE = Automatic;
				INFOPLIST_FILE = InsuranceAppUITests/Info.plist;
				LD_RUNPATH_SEARCH_PATHS = (
					"$(inherited)",
					"@executable_path/Frameworks",
					"@loader_path/Frameworks",
				);
				PRODUCT_BUNDLE_IDENTIFIER = Virtusa.InsuranceAppUITests;
				PRODUCT_NAME = "$(TARGET_NAME)";
				SWIFT_VERSION = 5.0;
				TARGETED_DEVICE_FAMILY = "1,2";
				TEST_TARGET_NAME = InsuranceApp;
			};
			name = Debug;
		};
		03B8613C26C1E47E00DAC12A /* Release */ = {
			isa = XCBuildConfiguration;
			buildSettings = {
				ALWAYS_EMBED_SWIFT_STANDARD_LIBRARIES = YES;
				CODE_SIGN_STYLE = Automatic;
				INFOPLIST_FILE = InsuranceAppUITests/Info.plist;
				LD_RUNPATH_SEARCH_PATHS = (
					"$(inherited)",
					"@executable_path/Frameworks",
					"@loader_path/Frameworks",
				);
				PRODUCT_BUNDLE_IDENTIFIER = Virtusa.InsuranceAppUITests;
				PRODUCT_NAME = "$(TARGET_NAME)";
				SWIFT_VERSION = 5.0;
				TARGETED_DEVICE_FAMILY = "1,2";
				TEST_TARGET_NAME = InsuranceApp;
			};
			name = Release;
		};
/* End XCBuildConfiguration section */

/* Begin XCConfigurationList section */
		03B8610526C1E47700DAC12A /* Build configuration list for PBXProject "InsuranceApp" */ = {
			isa = XCConfigurationList;
			buildConfigurations = (
				03B8613226C1E47E00DAC12A /* Debug */,
				03B8613326C1E47E00DAC12A /* Release */,
			);
			defaultConfigurationIsVisible = 0;
			defaultConfigurationName = Release;
		};
		03B8613426C1E47E00DAC12A /* Build configuration list for PBXNativeTarget "InsuranceApp" */ = {
			isa = XCConfigurationList;
			buildConfigurations = (
				03B8613526C1E47E00DAC12A /* Debug */,
				03B8613626C1E47E00DAC12A /* Release */,
			);
			defaultConfigurationIsVisible = 0;
			defaultConfigurationName = Release;
		};
		03B8613726C1E47E00DAC12A /* Build configuration list for PBXNativeTarget "InsuranceAppTests" */ = {
			isa = XCConfigurationList;
			buildConfigurations = (
				03B8613826C1E47E00DAC12A /* Debug */,
				03B8613926C1E47E00DAC12A /* Release */,
			);
			defaultConfigurationIsVisible = 0;
			defaultConfigurationName = Release;
		};
		03B8613A26C1E47E00DAC12A /* Build configuration list for PBXNativeTarget "InsuranceAppUITests" */ = {
			isa = XCConfigurationList;
			buildConfigurations = (
				03B8613B26C1E47E00DAC12A /* Debug */,
				03B8613C26C1E47E00DAC12A /* Release */,
			);
			defaultConfigurationIsVisible = 0;
			defaultConfigurationName = Release;
		};
/* End XCConfigurationList section */
	};
	rootObject = 03B8610226C1E47700DAC12A /* Project object */;
}
